
Microsoft Visual Studio Solution File, Format Version 12.00
# Visual Studio Version 17
VisualStudioVersion = 17.5.33103.201
MinimumVisualStudioVersion = 10.0.40219.1
Project("{FAE04EC0-301F-11D3-BF4B-00C04F79EFBC}") = "GraphqlSample", "GraphqlSample\GraphqlSample.csproj", "{96518548-1669-4CB2-B3AA-73455E05F08B}"
EndProject
Global
	GlobalSection(SolutionConfigurationPlatforms) = preSolution
		Debug|Any CPU = Debug|Any CPU
		Release|Any CPU = Release|Any CPU
	EndGlobalSection
	GlobalSection(ProjectConfigurationPlatforms) = postSolution
		{96518548-1669-4CB2-B3AA-73455E05F08B}.Debug|Any CPU.ActiveCfg = Debug|Any CPU
		{96518548-1669-4CB2-B3AA-73455E05F08B}.Debug|Any CPU.Build.0 = Debug|Any CPU
		{96518548-1669-4CB2-B3AA-73455E05F08B}.Release|Any CPU.ActiveCfg = Release|Any CPU
		{96518548-1669-4CB2-B3AA-73455E05F08B}.Release|Any CPU.Build.0 = Release|Any CPU
	EndGlobalSection
	GlobalSection(SolutionProperties) = preSolution
		HideSolutionNode = FALSE
	EndGlobalSection
	GlobalSection(ExtensibilityGlobals) = postSolution
		SolutionGuid = {9ED6D2DB-78F9-4C94-8D7D-6C711118C2D8}
	EndGlobalSection
EndGlobal
